# THIS IS AN AUTOGENERATED FILE. DO NOT EDIT THIS FILE DIRECTLY.
# yarn lockfile v1


"@next/env@13.1.0":
  version "13.1.0"
  resolved "https://registry.yarnpkg.com/@next/env/-/env-13.1.0.tgz#fdb4d4711c6bd544dd80f0afd9846af2699b8c1c"

"@next/swc-android-arm-eabi@13.1.0":
  version "13.1.0"
  resolved "https://registry.yarnpkg.com/@next/swc-android-arm-eabi/-/swc-android-arm-eabi-13.1.0.tgz#b754f03c1af5572e950993b00cbc189d063e7642"

"@next/swc-android-arm64@13.1.0":
  version "13.1.0"
  resolved "https://registry.yarnpkg.com/@next/swc-android-arm64/-/swc-android-arm64-13.1.0.tgz#8794b4c1680ed8825b9a0e9ae5b3d14cd0ad9f07"

"@next/swc-darwin-arm64@13.1.0":
  version "13.1.0"
  resolved "https://registry.yarnpkg.com/@next/swc-darwin-arm64/-/swc-darwin-arm64-13.1.0.tgz#c7aeb19e53ee06f333b3af1a192a9a5b5b583755"

"@next/swc-darwin-x64@13.1.0":
  version "13.1.0"
  resolved "https://registry.yarnpkg.com/@next/swc-darwin-x64/-/swc-darwin-x64-13.1.0.tgz#2efe163863cf8a72d71b9f72b31b6c1c94f7213a"

"@next/swc-freebsd-x64@13.1.0":
  version "13.1.0"
  resolved "https://registry.yarnpkg.com/@next/swc-freebsd-x64/-/swc-freebsd-x64-13.1.0.tgz#bf80e44d0aae021104a4c80f1056d0b13f1b7ba7"

"@next/swc-linux-arm-gnueabihf@13.1.0":
  version "13.1.0"
  resolved "https://registry.yarnpkg.com/@next/swc-linux-arm-gnueabihf/-/swc-linux-arm-gnueabihf-13.1.0.tgz#71ecac0482bfc7ad4bbe15ae7609cc8119772a0c"

"@next/swc-linux-arm64-gnu@13.1.0":
  version "13.1.0"
  resolved "https://registry.yarnpkg.com/@next/swc-linux-arm64-gnu/-/swc-linux-arm64-gnu-13.1.0.tgz#212c2e3f092c8de9a97bbb13a2754271ec38ad90"

"@next/swc-linux-arm64-musl@13.1.0":
  version "13.1.0"
  resolved "https://registry.yarnpkg.com/@next/swc-linux-arm64-musl/-/swc-linux-arm64-musl-13.1.0.tgz#950c757b929b84aa359f3f9c3a5d90704d5c8f45"

"@next/swc-linux-x64-gnu@13.1.0":
  version "13.1.0"
  resolved "https://registry.yarnpkg.com/@next/swc-linux-x64-gnu/-/swc-linux-x64-gnu-13.1.0.tgz#f60582199b2d2ba763deb3355e205733bf408c20"

"@next/swc-linux-x64-musl@13.1.0":
  version "13.1.0"
  resolved "https://registry.yarnpkg.com/@next/swc-linux-x64-musl/-/swc-linux-x64-musl-13.1.0.tgz#3a95a243521f5d07985aa6308200d3834e73282b"

"@next/swc-win32-arm64-msvc@13.1.0":
  version "13.1.0"
  resolved "https://registry.yarnpkg.com/@next/swc-win32-arm64-msvc/-/swc-win32-arm64-msvc-13.1.0.tgz#7cc6d467c769dff23ecb9c3953b4429e4ca9f3f8"

"@next/swc-win32-ia32-msvc@13.1.0":
  version "13.1.0"
  resolved "https://registry.yarnpkg.com/@next/swc-win32-ia32-msvc/-/swc-win32-ia32-msvc-13.1.0.tgz#7bf1ed77d80b86c04cea12ecdf6ac4bf54b5160c"

"@next/swc-win32-x64-msvc@13.1.0":
  version "13.1.0"
  resolved "https://registry.yarnpkg.com/@next/swc-win32-x64-msvc/-/swc-win32-x64-msvc-13.1.0.tgz#2e23251a84b95182249132480d55fb122a7ae4f0"

"@swc/helpers@0.4.14":
  version "0.4.14"
  resolved "https://registry.yarnpkg.com/@swc/helpers/-/helpers-0.4.14.tgz#1352ac6d95e3617ccb7c1498ff019654f1e12a74"
  dependencies:
    tslib "^2.4.0"

caniuse-lite@^1.0.30001406:
  version "1.0.30001407"
  resolved "https://registry.yarnpkg.com/caniuse-lite/-/caniuse-lite-1.0.30001407.tgz#92281a6ee67cb90bfd8a6a1201fcc2dc19b60a15"

client-only@0.0.1:
  version "0.0.1"
  resolved "https://registry.yarnpkg.com/client-only/-/client-only-0.0.1.tgz#38bba5d403c41ab150bff64a95c85013cf73bca1"

"js-tokens@^3.0.0 || ^4.0.0":
  version "4.0.0"
  resolved "https://registry.yarnpkg.com/js-tokens/-/js-tokens-4.0.0.tgz#19203fb59991df98e3a287050d4647cdeaf32499"

loose-envify@^1.1.0:
  version "1.4.0"
  resolved "https://registry.yarnpkg.com/loose-envify/-/loose-envify-1.4.0.tgz#71ee51fa7be4caec1a63839f7e682d8132d30caf"
  dependencies:
    js-tokens "^3.0.0 || ^4.0.0"

nanoid@^3.3.4:
  version "3.3.4"
  resolved "https://registry.yarnpkg.com/nanoid/-/nanoid-3.3.4.tgz#730b67e3cd09e2deacf03c027c81c9d9dbc5e8ab"

next@13.1.0:
  version "13.1.0"
  resolved "https://registry.yarnpkg.com/next/-/next-13.1.0.tgz#fe65eff07dbdb08c8c925876cffdaf59d4552b32"
  dependencies:
    "@next/env" "13.1.0"
    "@swc/helpers" "0.4.14"
    caniuse-lite "^1.0.30001406"
    postcss "8.4.14"
    styled-jsx "5.1.1"
  optionalDependencies:
    "@next/swc-android-arm-eabi" "13.1.0"
    "@next/swc-android-arm64" "13.1.0"
    "@next/swc-darwin-arm64" "13.1.0"
    "@next/swc-darwin-x64" "13.1.0"
    "@next/swc-freebsd-x64" "13.1.0"
    "@next/swc-linux-arm-gnueabihf" "13.1.0"
    "@next/swc-linux-arm64-gnu" "13.1.0"
    "@next/swc-linux-arm64-musl" "13.1.0"
    "@next/swc-linux-x64-gnu" "13.1.0"
    "@next/swc-linux-x64-musl" "13.1.0"
    "@next/swc-win32-arm64-msvc" "13.1.0"
    "@next/swc-win32-ia32-msvc" "13.1.0"
    "@next/swc-win32-x64-msvc" "13.1.0"

picocolors@^1.0.0:
  version "1.0.0"
  resolved "https://registry.yarnpkg.com/picocolors/-/picocolors-1.0.0.tgz#cb5bdc74ff3f51892236eaf79d68bc44564ab81c"

postcss@8.4.14:
  version "8.4.14"
  resolved "https://registry.yarnpkg.com/postcss/-/postcss-8.4.14.tgz#ee9274d5622b4858c1007a74d76e42e56fd21caf"
  dependencies:
    nanoid "^3.3.4"
    picocolors "^1.0.0"
    source-map-js "^1.0.2"

react-dom@18.2.0:
  version "18.2.0"
  resolved "https://registry.yarnpkg.com/react-dom/-/react-dom-18.2.0.tgz#22aaf38708db2674ed9ada224ca4aa708d821e3d"
  dependencies:
    loose-envify "^1.1.0"
    scheduler "^0.23.0"

react@18.2.0:
  version "18.2.0"
  resolved "https://registry.yarnpkg.com/react/-/react-18.2.0.tgz#555bd98592883255fa00de14f1151a917b5d77d5"
  dependencies:
    loose-envify "^1.1.0"

scheduler@^0.23.0:
  version "0.23.0"
  resolved "https://registry.yarnpkg.com/scheduler/-/scheduler-0.23.0.tgz#ba8041afc3d30eb206a487b6b384002e4e61fdfe"
  dependencies:
    loose-envify "^1.1.0"

source-map-js@^1.0.2:
  version "1.0.2"
  resolved "https://registry.yarnpkg.com/source-map-js/-/source-map-js-1.0.2.tgz#adbc361d9c62df380125e7f161f71c826f1e490c"

styled-jsx@5.1.1:
  version "5.1.1"
  resolved "https://registry.yarnpkg.com/styled-jsx/-/styled-jsx-5.1.1.tgz#839a1c3aaacc4e735fed0781b8619ea5d0009d1f"
  dependencies:
    client-only "0.0.1"

tslib@^2.4.0:
  version "2.4.0"
  resolved "https://registry.yarnpkg.com/tslib/-/tslib-2.4.0.tgz#7cecaa7f073ce680a05847aa77be941098f36dc3"
