# THIS IS AN AUTOGENERATED FILE. DO NOT EDIT THIS FILE DIRECTLY.
# yarn lockfile v1


"@next/env@13.1.6":
  version "13.1.6"
  resolved "https://registry.yarnpkg.com/@next/env/-/env-13.1.6.tgz#c4925609f16142ded1a5cb833359ab17359b7a93"

"@next/swc-android-arm-eabi@13.1.6":
  version "13.1.6"
  resolved "https://registry.yarnpkg.com/@next/swc-android-arm-eabi/-/swc-android-arm-eabi-13.1.6.tgz#d766dfc10e27814d947b20f052067c239913dbcc"

"@next/swc-android-arm64@13.1.6":
  version "13.1.6"
  resolved "https://registry.yarnpkg.com/@next/swc-android-arm64/-/swc-android-arm64-13.1.6.tgz#f37a98d5f18927d8c9970d750d516ac779465176"

"@next/swc-darwin-arm64@13.1.6":
  version "13.1.6"
  resolved "https://registry.yarnpkg.com/@next/swc-darwin-arm64/-/swc-darwin-arm64-13.1.6.tgz#ec1b90fd9bf809d8b81004c5182e254dced4ad96"

"@next/swc-darwin-x64@13.1.6":
  version "13.1.6"
  resolved "https://registry.yarnpkg.com/@next/swc-darwin-x64/-/swc-darwin-x64-13.1.6.tgz#e869ac75d16995eee733a7d1550322d9051c1eb4"

"@next/swc-freebsd-x64@13.1.6":
  version "13.1.6"
  resolved "https://registry.yarnpkg.com/@next/swc-freebsd-x64/-/swc-freebsd-x64-13.1.6.tgz#84a7b2e423a2904afc2edca21c2f1ba6b53fa4c1"

"@next/swc-linux-arm-gnueabihf@13.1.6":
  version "13.1.6"
  resolved "https://registry.yarnpkg.com/@next/swc-linux-arm-gnueabihf/-/swc-linux-arm-gnueabihf-13.1.6.tgz#980eed1f655ff8a72187d8a6ef9e73ac39d20d23"

"@next/swc-linux-arm64-gnu@13.1.6":
  version "13.1.6"
  resolved "https://registry.yarnpkg.com/@next/swc-linux-arm64-gnu/-/swc-linux-arm64-gnu-13.1.6.tgz#87a71db21cded3f7c63d1d19079845c59813c53d"

"@next/swc-linux-arm64-musl@13.1.6":
  version "13.1.6"
  resolved "https://registry.yarnpkg.com/@next/swc-linux-arm64-musl/-/swc-linux-arm64-musl-13.1.6.tgz#c5aac8619331b9fd030603bbe2b36052011e11de"

"@next/swc-linux-x64-gnu@13.1.6":
  version "13.1.6"
  resolved "https://registry.yarnpkg.com/@next/swc-linux-x64-gnu/-/swc-linux-x64-gnu-13.1.6.tgz#9513d36d540bbfea575576746736054c31aacdea"

"@next/swc-linux-x64-musl@13.1.6":
  version "13.1.6"
  resolved "https://registry.yarnpkg.com/@next/swc-linux-x64-musl/-/swc-linux-x64-musl-13.1.6.tgz#d61fc6884899f5957251f4ce3f522e34a2c479b7"

"@next/swc-win32-arm64-msvc@13.1.6":
  version "13.1.6"
  resolved "https://registry.yarnpkg.com/@next/swc-win32-arm64-msvc/-/swc-win32-arm64-msvc-13.1.6.tgz#fac2077a8ae9768e31444c9ae90807e64117cda7"

"@next/swc-win32-ia32-msvc@13.1.6":
  version "13.1.6"
  resolved "https://registry.yarnpkg.com/@next/swc-win32-ia32-msvc/-/swc-win32-ia32-msvc-13.1.6.tgz#498bc11c91b4c482a625bf4b978f98ae91111e46"

"@next/swc-win32-x64-msvc@13.1.6":
  version "13.1.6"
  resolved "https://registry.yarnpkg.com/@next/swc-win32-x64-msvc/-/swc-win32-x64-msvc-13.1.6.tgz#17ed919c723426b7d0ce1cd73d40ce3dcd342089"

"@swc/helpers@0.4.14":
  version "0.4.14"
  resolved "https://registry.yarnpkg.com/@swc/helpers/-/helpers-0.4.14.tgz#1352ac6d95e3617ccb7c1498ff019654f1e12a74"
  dependencies:
    tslib "^2.4.0"

caniuse-lite@^1.0.30001406:
  version "1.0.30001407"
  resolved "https://registry.yarnpkg.com/caniuse-lite/-/caniuse-lite-1.0.30001407.tgz#92281a6ee67cb90bfd8a6a1201fcc2dc19b60a15"

client-only@0.0.1:
  version "0.0.1"
  resolved "https://registry.yarnpkg.com/client-only/-/client-only-0.0.1.tgz#38bba5d403c41ab150bff64a95c85013cf73bca1"

"js-tokens@^3.0.0 || ^4.0.0":
  version "4.0.0"
  resolved "https://registry.yarnpkg.com/js-tokens/-/js-tokens-4.0.0.tgz#19203fb59991df98e3a287050d4647cdeaf32499"

loose-envify@^1.1.0:
  version "1.4.0"
  resolved "https://registry.yarnpkg.com/loose-envify/-/loose-envify-1.4.0.tgz#71ee51fa7be4caec1a63839f7e682d8132d30caf"
  dependencies:
    js-tokens "^3.0.0 || ^4.0.0"

nanoid@^3.3.4:
  version "3.3.4"
  resolved "https://registry.yarnpkg.com/nanoid/-/nanoid-3.3.4.tgz#730b67e3cd09e2deacf03c027c81c9d9dbc5e8ab"

next@13.1.6:
  version "13.1.6"
  resolved "https://registry.yarnpkg.com/next/-/next-13.1.6.tgz#054babe20b601f21f682f197063c9b0b32f1a27c"
  dependencies:
    "@next/env" "13.1.6"
    "@swc/helpers" "0.4.14"
    caniuse-lite "^1.0.30001406"
    postcss "8.4.14"
    styled-jsx "5.1.1"
  optionalDependencies:
    "@next/swc-android-arm-eabi" "13.1.6"
    "@next/swc-android-arm64" "13.1.6"
    "@next/swc-darwin-arm64" "13.1.6"
    "@next/swc-darwin-x64" "13.1.6"
    "@next/swc-freebsd-x64" "13.1.6"
    "@next/swc-linux-arm-gnueabihf" "13.1.6"
    "@next/swc-linux-arm64-gnu" "13.1.6"
    "@next/swc-linux-arm64-musl" "13.1.6"
    "@next/swc-linux-x64-gnu" "13.1.6"
    "@next/swc-linux-x64-musl" "13.1.6"
    "@next/swc-win32-arm64-msvc" "13.1.6"
    "@next/swc-win32-ia32-msvc" "13.1.6"
    "@next/swc-win32-x64-msvc" "13.1.6"

picocolors@^1.0.0:
  version "1.0.0"
  resolved "https://registry.yarnpkg.com/picocolors/-/picocolors-1.0.0.tgz#cb5bdc74ff3f51892236eaf79d68bc44564ab81c"

postcss@8.4.14:
  version "8.4.14"
  resolved "https://registry.yarnpkg.com/postcss/-/postcss-8.4.14.tgz#ee9274d5622b4858c1007a74d76e42e56fd21caf"
  dependencies:
    nanoid "^3.3.4"
    picocolors "^1.0.0"
    source-map-js "^1.0.2"

react-dom@18.2.0:
  version "18.2.0"
  resolved "https://registry.yarnpkg.com/react-dom/-/react-dom-18.2.0.tgz#22aaf38708db2674ed9ada224ca4aa708d821e3d"
  dependencies:
    loose-envify "^1.1.0"
    scheduler "^0.23.0"

react@18.2.0:
  version "18.2.0"
  resolved "https://registry.yarnpkg.com/react/-/react-18.2.0.tgz#555bd98592883255fa00de14f1151a917b5d77d5"
  dependencies:
    loose-envify "^1.1.0"

scheduler@^0.23.0:
  version "0.23.0"
  resolved "https://registry.yarnpkg.com/scheduler/-/scheduler-0.23.0.tgz#ba8041afc3d30eb206a487b6b384002e4e61fdfe"
  dependencies:
    loose-envify "^1.1.0"

source-map-js@^1.0.2:
  version "1.0.2"
  resolved "https://registry.yarnpkg.com/source-map-js/-/source-map-js-1.0.2.tgz#adbc361d9c62df380125e7f161f71c826f1e490c"

styled-jsx@5.1.1:
  version "5.1.1"
  resolved "https://registry.yarnpkg.com/styled-jsx/-/styled-jsx-5.1.1.tgz#839a1c3aaacc4e735fed0781b8619ea5d0009d1f"
  dependencies:
    client-only "0.0.1"

tslib@^2.4.0:
  version "2.4.0"
  resolved "https://registry.yarnpkg.com/tslib/-/tslib-2.4.0.tgz#7cecaa7f073ce680a05847aa77be941098f36dc3"
